
Microsoft Visual Studio Solution File, Format Version 12.00
# Visual Studio Version 17
VisualStudioVersion = 17.0.31903.59
MinimumVisualStudioVersion = 10.0.40219.1
Project("{FAE04EC0-301F-11D3-BF4B-00C04F79EFBC}") = "Portfolio.Contracts", "Portfolio.Contracts\Portfolio.Contracts.csproj", "{2CB02C0E-62A7-4840-8A8D-A9BDF154F4E1}"
EndProject
Project("{FAE04EC0-301F-11D3-BF4B-00C04F79EFBC}") = "Portfolio", "Portfolio\Portfolio.csproj", "{03B56F1B-9E04-4324-93D6-E1599ED20F65}"
EndProject
Global
	GlobalSection(SolutionConfigurationPlatforms) = preSolution
		Debug|Any CPU = Debug|Any CPU
		Release|Any CPU = Release|Any CPU
	EndGlobalSection
	GlobalSection(SolutionProperties) = preSolution
		HideSolutionNode = FALSE
	EndGlobalSection
	GlobalSection(ProjectConfigurationPlatforms) = postSolution
		{2CB02C0E-62A7-4840-8A8D-A9BDF154F4E1}.Debug|Any CPU.ActiveCfg = Debug|Any CPU
		{2CB02C0E-62A7-4840-8A8D-A9BDF154F4E1}.Debug|Any CPU.Build.0 = Debug|Any CPU
		{2CB02C0E-62A7-4840-8A8D-A9BDF154F4E1}.Release|Any CPU.ActiveCfg = Release|Any CPU
		{2CB02C0E-62A7-4840-8A8D-A9BDF154F4E1}.Release|Any CPU.Build.0 = Release|Any CPU
		{03B56F1B-9E04-4324-93D6-E1599ED20F65}.Debug|Any CPU.ActiveCfg = Debug|Any CPU
		{03B56F1B-9E04-4324-93D6-E1599ED20F65}.Debug|Any CPU.Build.0 = Debug|Any CPU
		{03B56F1B-9E04-4324-93D6-E1599ED20F65}.Release|Any CPU.ActiveCfg = Release|Any CPU
		{03B56F1B-9E04-4324-93D6-E1599ED20F65}.Release|Any CPU.Build.0 = Release|Any CPU
	EndGlobalSection
EndGlobal
